
Microsoft Visual Studio Solution File, Format Version 12.00
# Visual Studio 14
VisualStudioVersion = 14.0.23107.0
MinimumVisualStudioVersion = 10.0.40219.1
Project("{9092AA53-FB77-4645-B42D-1CCCA6BD08BD}") = "uni2015", "uni2015.njsproj", "{A1AA5D5B-801E-4261-81BF-CD6E25F7FEC5}"
EndProject
Global
	GlobalSection(SolutionConfigurationPlatforms) = preSolution
		Debug|Any CPU = Debug|Any CPU
		Release|Any CPU = Release|Any CPU
	EndGlobalSection
	GlobalSection(ProjectConfigurationPlatforms) = postSolution
		{A1AA5D5B-801E-4261-81BF-CD6E25F7FEC5}.Debug|Any CPU.ActiveCfg = Debug|Any CPU
		{A1AA5D5B-801E-4261-81BF-CD6E25F7FEC5}.Debug|Any CPU.Build.0 = Debug|Any CPU
		{A1AA5D5B-801E-4261-81BF-CD6E25F7FEC5}.Release|Any CPU.ActiveCfg = Release|Any CPU
		{A1AA5D5B-801E-4261-81BF-CD6E25F7FEC5}.Release|Any CPU.Build.0 = Release|Any CPU
	EndGlobalSection
	GlobalSection(SolutionProperties) = preSolution
		HideSolutionNode = FALSE
	EndGlobalSection
EndGlobal
